
Microsoft Visual Studio Solution File, Format Version 12.00
# Visual Studio 15
VisualStudioVersion = 15.0.26124.0
MinimumVisualStudioVersion = 15.0.26124.0
Project("{2150E333-8FDC-42A3-9474-1A3956D46DE8}") = "src", "src", "{F24D3A7A-4495-4F54-9543-EF53391B563F}"
EndProject
Project("{FAE04EC0-301F-11D3-BF4B-00C04F79EFBC}") = "CmdLine", "src\CmdLine\CmdLine.csproj", "{9B59839D-BAFC-463F-A564-EF61FCF71A68}"
EndProject
Project("{FAE04EC0-301F-11D3-BF4B-00C04F79EFBC}") = "CmdLine.Tests", "src\CmdLine.Tests\CmdLine.Tests.csproj", "{4C68CAC6-633A-4452-98A4-A2457D69168F}"
EndProject
Global
	GlobalSection(SolutionConfigurationPlatforms) = preSolution
		Debug|Any CPU = Debug|Any CPU
		Debug|x64 = Debug|x64
		Debug|x86 = Debug|x86
		Release|Any CPU = Release|Any CPU
		Release|x64 = Release|x64
		Release|x86 = Release|x86
	EndGlobalSection
	GlobalSection(SolutionProperties) = preSolution
		HideSolutionNode = FALSE
	EndGlobalSection
	GlobalSection(ProjectConfigurationPlatforms) = postSolution
		{9B59839D-BAFC-463F-A564-EF61FCF71A68}.Debug|Any CPU.ActiveCfg = Debug|Any CPU
		{9B59839D-BAFC-463F-A564-EF61FCF71A68}.Debug|Any CPU.Build.0 = Debug|Any CPU
		{9B59839D-BAFC-463F-A564-EF61FCF71A68}.Debug|x64.ActiveCfg = Debug|Any CPU
		{9B59839D-BAFC-463F-A564-EF61FCF71A68}.Debug|x64.Build.0 = Debug|Any CPU
		{9B59839D-BAFC-463F-A564-EF61FCF71A68}.Debug|x86.ActiveCfg = Debug|Any CPU
		{9B59839D-BAFC-463F-A564-EF61FCF71A68}.Debug|x86.Build.0 = Debug|Any CPU
		{9B59839D-BAFC-463F-A564-EF61FCF71A68}.Release|Any CPU.ActiveCfg = Release|Any CPU
		{9B59839D-BAFC-463F-A564-EF61FCF71A68}.Release|Any CPU.Build.0 = Release|Any CPU
		{9B59839D-BAFC-463F-A564-EF61FCF71A68}.Release|x64.ActiveCfg = Release|Any CPU
		{9B59839D-BAFC-463F-A564-EF61FCF71A68}.Release|x64.Build.0 = Release|Any CPU
		{9B59839D-BAFC-463F-A564-EF61FCF71A68}.Release|x86.ActiveCfg = Release|Any CPU
		{9B59839D-BAFC-463F-A564-EF61FCF71A68}.Release|x86.Build.0 = Release|Any CPU
		{4C68CAC6-633A-4452-98A4-A2457D69168F}.Debug|Any CPU.ActiveCfg = Debug|Any CPU
		{4C68CAC6-633A-4452-98A4-A2457D69168F}.Debug|Any CPU.Build.0 = Debug|Any CPU
		{4C68CAC6-633A-4452-98A4-A2457D69168F}.Debug|x64.ActiveCfg = Debug|Any CPU
		{4C68CAC6-633A-4452-98A4-A2457D69168F}.Debug|x64.Build.0 = Debug|Any CPU
		{4C68CAC6-633A-4452-98A4-A2457D69168F}.Debug|x86.ActiveCfg = Debug|Any CPU
		{4C68CAC6-633A-4452-98A4-A2457D69168F}.Debug|x86.Build.0 = Debug|Any CPU
		{4C68CAC6-633A-4452-98A4-A2457D69168F}.Release|Any CPU.ActiveCfg = Release|Any CPU
		{4C68CAC6-633A-4452-98A4-A2457D69168F}.Release|Any CPU.Build.0 = Release|Any CPU
		{4C68CAC6-633A-4452-98A4-A2457D69168F}.Release|x64.ActiveCfg = Release|Any CPU
		{4C68CAC6-633A-4452-98A4-A2457D69168F}.Release|x64.Build.0 = Release|Any CPU
		{4C68CAC6-633A-4452-98A4-A2457D69168F}.Release|x86.ActiveCfg = Release|Any CPU
		{4C68CAC6-633A-4452-98A4-A2457D69168F}.Release|x86.Build.0 = Release|Any CPU
	EndGlobalSection
	GlobalSection(NestedProjects) = preSolution
		{9B59839D-BAFC-463F-A564-EF61FCF71A68} = {F24D3A7A-4495-4F54-9543-EF53391B563F}
		{4C68CAC6-633A-4452-98A4-A2457D69168F} = {F24D3A7A-4495-4F54-9543-EF53391B563F}
	EndGlobalSection
EndGlobal
